
Microsoft Visual Studio Solution File, Format Version 12.00
# Visual Studio Version 16
VisualStudioVersion = 16.0.31205.134
MinimumVisualStudioVersion = 10.0.40219.1
Project("{FAE04EC0-301F-11D3-BF4B-00C04F79EFBC}") = "CFB_Academia", "CFB_Academia.csproj", "{94219C32-3CBA-4745-BB76-689D2E179A76}"
EndProject
Project("{54435603-DBB4-11D2-8724-00A0C9A8B90C}") = "Instalador_CFBAcademia", "instalador\Instalador_CFBAcademia.vdproj", "{C9A2909F-1167-4D3E-9908-105854C185D7}"
EndProject
Global
	GlobalSection(SolutionConfigurationPlatforms) = preSolution
		Debug|Any CPU = Debug|Any CPU
		Release|Any CPU = Release|Any CPU
	EndGlobalSection
	GlobalSection(ProjectConfigurationPlatforms) = postSolution
		{94219C32-3CBA-4745-BB76-689D2E179A76}.Debug|Any CPU.ActiveCfg = Debug|Any CPU
		{94219C32-3CBA-4745-BB76-689D2E179A76}.Debug|Any CPU.Build.0 = Debug|Any CPU
		{94219C32-3CBA-4745-BB76-689D2E179A76}.Release|Any CPU.ActiveCfg = Release|Any CPU
		{94219C32-3CBA-4745-BB76-689D2E179A76}.Release|Any CPU.Build.0 = Release|Any CPU
		{C9A2909F-1167-4D3E-9908-105854C185D7}.Debug|Any CPU.ActiveCfg = Debug
		{C9A2909F-1167-4D3E-9908-105854C185D7}.Release|Any CPU.ActiveCfg = Release
	EndGlobalSection
	GlobalSection(SolutionProperties) = preSolution
		HideSolutionNode = FALSE
	EndGlobalSection
	GlobalSection(ExtensibilityGlobals) = postSolution
		SolutionGuid = {777626E4-3E0F-4BD9-9210-E72574B27042}
	EndGlobalSection
EndGlobal
